
Microsoft Visual Studio Solution File, Format Version 12.00
# Visual Studio 15
VisualStudioVersion = 15.0.28307.572
MinimumVisualStudioVersion = 10.0.40219.1
Project("{FAE04EC0-301F-11D3-BF4B-00C04F79EFBC}") = "Dziennik", "Dziennik\Dziennik.csproj", "{0E423261-B85F-46E9-A339-59ED3F4037CD}"
EndProject
Project("{FAE04EC0-301F-11D3-BF4B-00C04F79EFBC}") = "Klasa_Zmienna", "Klasa_Zmienna\Klasa_Zmienna.csproj", "{62C38715-4B67-4219-90AE-CF6E927D956E}"
EndProject
Global
	GlobalSection(SolutionConfigurationPlatforms) = preSolution
		Debug|Any CPU = Debug|Any CPU
		Release|Any CPU = Release|Any CPU
	EndGlobalSection
	GlobalSection(ProjectConfigurationPlatforms) = postSolution
		{0E423261-B85F-46E9-A339-59ED3F4037CD}.Debug|Any CPU.ActiveCfg = Debug|Any CPU
		{0E423261-B85F-46E9-A339-59ED3F4037CD}.Debug|Any CPU.Build.0 = Debug|Any CPU
		{0E423261-B85F-46E9-A339-59ED3F4037CD}.Release|Any CPU.ActiveCfg = Release|Any CPU
		{0E423261-B85F-46E9-A339-59ED3F4037CD}.Release|Any CPU.Build.0 = Release|Any CPU
		{62C38715-4B67-4219-90AE-CF6E927D956E}.Debug|Any CPU.ActiveCfg = Debug|Any CPU
		{62C38715-4B67-4219-90AE-CF6E927D956E}.Debug|Any CPU.Build.0 = Debug|Any CPU
		{62C38715-4B67-4219-90AE-CF6E927D956E}.Release|Any CPU.ActiveCfg = Release|Any CPU
		{62C38715-4B67-4219-90AE-CF6E927D956E}.Release|Any CPU.Build.0 = Release|Any CPU
	EndGlobalSection
	GlobalSection(SolutionProperties) = preSolution
		HideSolutionNode = FALSE
	EndGlobalSection
	GlobalSection(ExtensibilityGlobals) = postSolution
		SolutionGuid = {51686E21-53B7-442B-80C9-8FFF286B1144}
	EndGlobalSection
EndGlobal
